
Microsoft Visual Studio Solution File, Format Version 12.00
# Visual Studio Version 17
VisualStudioVersion = 17.9.34622.214
MinimumVisualStudioVersion = 10.0.40219.1
Project("{FAE04EC0-301F-11D3-BF4B-00C04F79EFBC}") = "openipc repository analytics", "openipc repository analytics.csproj", "{A686A917-2E6A-4A60-991A-DCEE79333EA3}"
EndProject
Global
	GlobalSection(SolutionConfigurationPlatforms) = preSolution
		Debug|Any CPU = Debug|Any CPU
		Release|Any CPU = Release|Any CPU
	EndGlobalSection
	GlobalSection(ProjectConfigurationPlatforms) = postSolution
		{A686A917-2E6A-4A60-991A-DCEE79333EA3}.Debug|Any CPU.ActiveCfg = Debug|Any CPU
		{A686A917-2E6A-4A60-991A-DCEE79333EA3}.Debug|Any CPU.Build.0 = Debug|Any CPU
		{A686A917-2E6A-4A60-991A-DCEE79333EA3}.Release|Any CPU.ActiveCfg = Release|Any CPU
		{A686A917-2E6A-4A60-991A-DCEE79333EA3}.Release|Any CPU.Build.0 = Release|Any CPU
	EndGlobalSection
	GlobalSection(SolutionProperties) = preSolution
		HideSolutionNode = FALSE
	EndGlobalSection
	GlobalSection(ExtensibilityGlobals) = postSolution
		SolutionGuid = {AEAEFD12-1619-42EA-ADF5-E2EDED57A419}
	EndGlobalSection
EndGlobal
